
Microsoft Visual Studio Solution File, Format Version 12.00
# Visual Studio Version 17
VisualStudioVersion = 17.1.32228.430
MinimumVisualStudioVersion = 10.0.40219.1
Project("{FAE04EC0-301F-11D3-BF4B-00C04F79EFBC}") = "MoodAnalyser", "MoodAnalyser.csproj", "{DF318AB9-5CC7-4758-BD46-46838811CA86}"
EndProject
Project("{FAE04EC0-301F-11D3-BF4B-00C04F79EFBC}") = "MoodAnalyserTest", "..\MoodAnalyserTest\MoodAnalyserTest.csproj", "{B064E004-BED2-4DBD-94F3-07283DEE7B07}"
EndProject
Global
	GlobalSection(SolutionConfigurationPlatforms) = preSolution
		Debug|Any CPU = Debug|Any CPU
		Release|Any CPU = Release|Any CPU
	EndGlobalSection
	GlobalSection(ProjectConfigurationPlatforms) = postSolution
		{DF318AB9-5CC7-4758-BD46-46838811CA86}.Debug|Any CPU.ActiveCfg = Debug|Any CPU
		{DF318AB9-5CC7-4758-BD46-46838811CA86}.Debug|Any CPU.Build.0 = Debug|Any CPU
		{DF318AB9-5CC7-4758-BD46-46838811CA86}.Release|Any CPU.ActiveCfg = Release|Any CPU
		{DF318AB9-5CC7-4758-BD46-46838811CA86}.Release|Any CPU.Build.0 = Release|Any CPU
		{B064E004-BED2-4DBD-94F3-07283DEE7B07}.Debug|Any CPU.ActiveCfg = Debug|Any CPU
		{B064E004-BED2-4DBD-94F3-07283DEE7B07}.Debug|Any CPU.Build.0 = Debug|Any CPU
		{B064E004-BED2-4DBD-94F3-07283DEE7B07}.Release|Any CPU.ActiveCfg = Release|Any CPU
		{B064E004-BED2-4DBD-94F3-07283DEE7B07}.Release|Any CPU.Build.0 = Release|Any CPU
	EndGlobalSection
	GlobalSection(SolutionProperties) = preSolution
		HideSolutionNode = FALSE
	EndGlobalSection
	GlobalSection(ExtensibilityGlobals) = postSolution
		SolutionGuid = {11600FCB-D570-4DE1-9DE2-4E5F1B3324FF}
	EndGlobalSection
EndGlobal
